
Microsoft Visual Studio Solution File, Format Version 12.00
# Visual Studio Version 16
VisualStudioVersion = 16.0.31025.194
MinimumVisualStudioVersion = 10.0.40219.1
Project("{FAE04EC0-301F-11D3-BF4B-00C04F79EFBC}") = "ParserTry1", "ParserTry1.csproj", "{01DCD18D-3B61-4959-9035-A427E0FE8FB2}"
EndProject
Global
	GlobalSection(SolutionConfigurationPlatforms) = preSolution
		Debug|Any CPU = Debug|Any CPU
		Release|Any CPU = Release|Any CPU
	EndGlobalSection
	GlobalSection(ProjectConfigurationPlatforms) = postSolution
		{01DCD18D-3B61-4959-9035-A427E0FE8FB2}.Debug|Any CPU.ActiveCfg = Debug|Any CPU
		{01DCD18D-3B61-4959-9035-A427E0FE8FB2}.Debug|Any CPU.Build.0 = Debug|Any CPU
		{01DCD18D-3B61-4959-9035-A427E0FE8FB2}.Release|Any CPU.ActiveCfg = Release|Any CPU
		{01DCD18D-3B61-4959-9035-A427E0FE8FB2}.Release|Any CPU.Build.0 = Release|Any CPU
	EndGlobalSection
	GlobalSection(SolutionProperties) = preSolution
		HideSolutionNode = FALSE
	EndGlobalSection
	GlobalSection(ExtensibilityGlobals) = postSolution
		SolutionGuid = {81AF798B-3A21-4841-AC6A-E885C5C9729E}
	EndGlobalSection
EndGlobal
